
Microsoft Visual Studio Solution File, Format Version 12.00
# Visual Studio Version 17
VisualStudioVersion = 17.13.35716.79
MinimumVisualStudioVersion = 10.0.40219.1
Project("{2150E333-8FDC-42A3-9474-1A3956D46DE8}") = "Solution Items", "Solution Items", "{8EC462FD-D22E-90A8-E5CE-7E832BA40C5D}"
	ProjectSection(SolutionItems) = preProject
		.editorconfig = .editorconfig
		.gitignore = .gitignore
		Commands.md = Commands.md
		Directory.Build.props = Directory.Build.props
		Directory.Packages.props = Directory.Packages.props
	EndProjectSection
EndProject
Project("{2150E333-8FDC-42A3-9474-1A3956D46DE8}") = "src", "src", "{02EA681E-C7D8-13C7-8484-4AC65E1B71E8}"
EndProject
Project("{2150E333-8FDC-42A3-9474-1A3956D46DE8}") = "tests", "tests", "{516839E5-7489-4C14-BC8B-DDAB6E38CA0F}"
EndProject
Project("{2150E333-8FDC-42A3-9474-1A3956D46DE8}") = "e2e", "e2e", "{01CE41DA-2A4A-4F47-BDA8-39843CED7151}"
EndProject
Project("{FAE04EC0-301F-11D3-BF4B-00C04F79EFBC}") = "SharedKernel", "src\SharedKernel\SharedKernel.csproj", "{312FA558-635C-475A-885F-63B3E9E5EEAD}"
EndProject
Project("{FAE04EC0-301F-11D3-BF4B-00C04F79EFBC}") = "SharedKernel.UnitTests", "tests\SharedKernel.UnitTests\SharedKernel.UnitTests.csproj", "{953CEF42-D98B-43AA-ACBC-151C2EE87130}"
EndProject
Project("{FAE04EC0-301F-11D3-BF4B-00C04F79EFBC}") = "Ordering.Api", "src\Ordering.Api\Ordering.Api.csproj", "{6A4D65CF-7B5C-4056-AB8D-BF8EDE9210F6}"
EndProject
Project("{FAE04EC0-301F-11D3-BF4B-00C04F79EFBC}") = "Basket.Api", "src\Basket.Api\Basket.Api.csproj", "{B74F19B3-D8A5-4F66-A5F1-80503C897A4F}"
EndProject
Project("{FAE04EC0-301F-11D3-BF4B-00C04F79EFBC}") = "Catalog.Api", "src\Catalog.Api\Catalog.Api.csproj", "{8F565564-4CB1-439C-B4B8-6047A3DAD6CA}"
EndProject
Project("{FAE04EC0-301F-11D3-BF4B-00C04F79EFBC}") = "PaymentProcessor", "src\PaymentProcessor\PaymentProcessor.csproj", "{8FB80146-7AEE-4D38-A28B-673776237865}"
EndProject
Project("{FAE04EC0-301F-11D3-BF4B-00C04F79EFBC}") = "Basket.Core", "src\Basket.Core\Basket.Core.csproj", "{310B26F4-48EA-4F3D-AAE4-3E00E9F52E2E}"
EndProject
Project("{FAE04EC0-301F-11D3-BF4B-00C04F79EFBC}") = "Basket.Infrastructure", "src\Basket.Infrastructure\Basket.Infrastructure.csproj", "{29BB3D86-00B7-49CA-9B8E-7D06C7FD0974}"
EndProject
Project("{FAE04EC0-301F-11D3-BF4B-00C04F79EFBC}") = "Ordering.Core", "src\Ordering.Core\Ordering.Core.csproj", "{DB50561D-9859-4C12-8B10-CC351396E51B}"
EndProject
Project("{FAE04EC0-301F-11D3-BF4B-00C04F79EFBC}") = "Ordering.Infrastructure", "src\Ordering.Infrastructure\Ordering.Infrastructure.csproj", "{9DA851F0-874D-4C56-A0B1-F422869B7D02}"
EndProject
Project("{FAE04EC0-301F-11D3-BF4B-00C04F79EFBC}") = "Catalog.Core", "src\Catalog.Core\Catalog.Core.csproj", "{528C7CF4-C28D-4FAA-8574-D5D7376BDF11}"
EndProject
Project("{FAE04EC0-301F-11D3-BF4B-00C04F79EFBC}") = "Catalog.Infrastructure", "src\Catalog.Infrastructure\Catalog.Infrastructure.csproj", "{5983025E-4515-4EDB-A9A8-B6A37B3B0F06}"
EndProject
Project("{FAE04EC0-301F-11D3-BF4B-00C04F79EFBC}") = "OrderProcessor", "src\OrderProcessor\OrderProcessor.csproj", "{EF9BC4EC-B74B-40B0-B6BD-6353E3174F7F}"
EndProject
Project("{FAE04EC0-301F-11D3-BF4B-00C04F79EFBC}") = "Ordering.UnitTests", "tests\Ordering.UnitTests\Ordering.UnitTests.csproj", "{ED95C388-1100-4204-8C6C-41EF698F7339}"
EndProject
Project("{FAE04EC0-301F-11D3-BF4B-00C04F79EFBC}") = "Ordering.FunctionalTests", "tests\Ordering.FunctionalTests\Ordering.FunctionalTests.csproj", "{4DB97A72-0744-436B-9BA7-F29A64B74487}"
EndProject
Project("{FAE04EC0-301F-11D3-BF4B-00C04F79EFBC}") = "Basket.UnitTests", "tests\Basket.UnitTests\Basket.UnitTests.csproj", "{E6D13027-2555-4BB5-8F3B-288C9CA10C2B}"
EndProject
Project("{FAE04EC0-301F-11D3-BF4B-00C04F79EFBC}") = "Basket.IntegrationTests", "tests\Basket.IntegrationTests\Basket.IntegrationTests.csproj", "{40C48D46-F77D-4FF7-A4DE-819BC5D6207E}"
EndProject
Project("{FAE04EC0-301F-11D3-BF4B-00C04F79EFBC}") = "Basket.FunctionalTests", "tests\Basket.FunctionalTests\Basket.FunctionalTests.csproj", "{91A62734-C1DF-4009-B545-BA316BA4AD02}"
EndProject
Project("{FAE04EC0-301F-11D3-BF4B-00C04F79EFBC}") = "Catalog.UnitTests", "tests\Catalog.UnitTests\Catalog.UnitTests.csproj", "{4556EDF7-D1E1-41FE-AD49-C52E711B69F3}"
EndProject
Project("{FAE04EC0-301F-11D3-BF4B-00C04F79EFBC}") = "Catalog.FunctionalTests", "tests\Catalog.FunctionalTests\Catalog.FunctionalTests.csproj", "{82047637-9EB6-40C0-93AD-559FBD96A2AF}"
EndProject
Project("{E53339B2-1760-4266-BCC7-CA923CBCF16C}") = "docker-compose", "docker-compose.dcproj", "{81DDED9D-158B-E303-5F62-77A2896D2A5A}"
EndProject
Project("{2150E333-8FDC-42A3-9474-1A3956D46DE8}") = "k8s", "k8s", "{6ECB75DB-2D6F-418C-8EFD-754DA3277ACD}"
	ProjectSection(SolutionItems) = preProject
		k8s\catalog-database-configmap.yaml = k8s\catalog-database-configmap.yaml
		k8s\catalog-database-deployment.yaml = k8s\catalog-database-deployment.yaml
		k8s\catalog-database-pvc.yaml = k8s\catalog-database-pvc.yaml
		k8s\catalog-database-secret.yaml = k8s\catalog-database-secret.yaml
		k8s\catalog-deployment.yaml = k8s\catalog-deployment.yaml
		k8s\ingress-service.yaml = k8s\ingress-service.yaml
		k8s\pgadmin-deployment.yaml = k8s\pgadmin-deployment.yaml
		k8s\pgadmin-secret.yaml = k8s\pgadmin-secret.yaml
		k8s\thesis-namespace.yaml = k8s\thesis-namespace.yaml
		k8s\webapp-server-deployment.yaml = k8s\webapp-server-deployment.yaml
	EndProjectSection
EndProject
Project("{FAE04EC0-301F-11D3-BF4B-00C04F79EFBC}") = "PaymentProcessor.UnitTests", "tests\PaymentProcessor.UnitTests\PaymentProcessor.UnitTests.csproj", "{045A5315-4F5E-4297-B939-C3CCBABDFEA7}"
EndProject
Project("{FAE04EC0-301F-11D3-BF4B-00C04F79EFBC}") = "PaymentProcessor.IntegrationTests", "tests\PaymentProcessor.IntegrationTests\PaymentProcessor.IntegrationTests.csproj", "{08857F20-EF86-4FDC-9BD9-BAB0B9041CDC}"
EndProject
Project("{FAE04EC0-301F-11D3-BF4B-00C04F79EFBC}") = "PaymentProcessor.FunctionalTests", "tests\PaymentProcessor.FunctionalTests\PaymentProcessor.FunctionalTests.csproj", "{6E6A3DEF-529C-4596-95EB-5DBAF5EBF2FB}"
EndProject
Project("{FAE04EC0-301F-11D3-BF4B-00C04F79EFBC}") = "ServiceDefaults", "src\ServiceDefaults\ServiceDefaults.csproj", "{41D8327A-6217-44D1-A3C4-2D77DF708B3B}"
EndProject
Project("{FAE04EC0-301F-11D3-BF4B-00C04F79EFBC}") = "EventBus", "src\EventBus\EventBus.csproj", "{0C234F95-6CB3-40C2-ADE9-51C91B53F7FB}"
EndProject
Project("{FAE04EC0-301F-11D3-BF4B-00C04F79EFBC}") = "Outbox", "src\Outbox\Outbox.csproj", "{3FAA8ED4-4171-44EE-8DB9-2B4EACC16344}"
EndProject
Project("{FAE04EC0-301F-11D3-BF4B-00C04F79EFBC}") = "Audit", "src\Audit\Audit.csproj", "{FF2D4A69-51DD-403B-805E-DBFFF53678DF}"
EndProject
Project("{FAE04EC0-301F-11D3-BF4B-00C04F79EFBC}") = "ArchitectureTests", "tests\ArchitectureTests\ArchitectureTests.csproj", "{FAC9DB9F-95C8-47EE-B3A6-BB06FC5298E3}"
EndProject
Project("{FAE04EC0-301F-11D3-BF4B-00C04F79EFBC}") = "Ordering.Contracts", "src\Ordering.Contracts\Ordering.Contracts.csproj", "{2CCB83BC-0566-45D5-82EB-A4FD3712646A}"
EndProject
Project("{FAE04EC0-301F-11D3-BF4B-00C04F79EFBC}") = "Catalog.Contracts", "src\Catalog.Contracts\Catalog.Contracts.csproj", "{AA442971-F25D-13E8-1BE5-ECE12D75D6DB}"
EndProject
Project("{FAE04EC0-301F-11D3-BF4B-00C04F79EFBC}") = "Webhooks.Api", "src\Webhooks.Api\Webhooks.Api.csproj", "{0B8C3D30-866D-42C6-8B8E-AF00C4F75A2D}"
EndProject
Project("{FAE04EC0-301F-11D3-BF4B-00C04F79EFBC}") = "Webhooks.Core", "src\Webhooks.Core\Webhooks.Core.csproj", "{092F51B2-3863-4101-BC16-88C38310F585}"
EndProject
Project("{FAE04EC0-301F-11D3-BF4B-00C04F79EFBC}") = "Webhooks.Infrastructure", "src\Webhooks.Infrastructure\Webhooks.Infrastructure.csproj", "{6BB3BBB4-F48B-4B5E-B005-18013A0FE182}"
EndProject
Project("{FAE04EC0-301F-11D3-BF4B-00C04F79EFBC}") = "Webhooks.Contracts", "src\Webhooks.Contracts\Webhooks.Contracts.csproj", "{0D6674DC-7BFA-49F2-826A-31F1DDD8D36A}"
EndProject
Project("{FAE04EC0-301F-11D3-BF4B-00C04F79EFBC}") = "Webhooks.Client", "src\Webhooks.Client\Webhooks.Client.csproj", "{EBB92B75-6932-49DF-8FF2-C627FE15FB52}"
EndProject
Project("{FAE04EC0-301F-11D3-BF4B-00C04F79EFBC}") = "Webhooks.UnitTests", "tests\Webhooks.UnitTests\Webhooks.UnitTests.csproj", "{D5433666-3466-429B-820C-CCC01DF10C04}"
EndProject
Project("{FAE04EC0-301F-11D3-BF4B-00C04F79EFBC}") = "Webhooks.IntegrationTests", "tests\Webhooks.IntegrationTests\Webhooks.IntegrationTests.csproj", "{4DBFA097-51FF-4776-A221-D9C714B36636}"
EndProject
Project("{FAE04EC0-301F-11D3-BF4B-00C04F79EFBC}") = "Catalog.IntegrationTests", "tests\Catalog.IntegrationTests\Catalog.IntegrationTests.csproj", "{432C4A00-E2C1-46AA-9889-4ABF740EC1D0}"
EndProject
Project("{FAE04EC0-301F-11D3-BF4B-00C04F79EFBC}") = "Ordering.IntegrationTests", "tests\Ordering.IntegrationTests\Ordering.IntegrationTests.csproj", "{2DDD3D3F-8842-4763-A702-675C7D5C2F19}"
EndProject
Project("{54A90642-561A-4BB1-A94E-469ADEE60C69}") = "webapp.client", "src\WebApp\webapp.client\webapp.client.esproj", "{CCA8AA34-562E-A8CB-0FBC-458123D08D14}"
EndProject
Project("{FAE04EC0-301F-11D3-BF4B-00C04F79EFBC}") = "WebApp.Server", "src\WebApp\WebApp.Server\WebApp.Server.csproj", "{66FC8FE5-F9C8-4A98-B89F-1811DE5D8CD0}"
EndProject
Global
	GlobalSection(SolutionConfigurationPlatforms) = preSolution
		Debug|Any CPU = Debug|Any CPU
		Release|Any CPU = Release|Any CPU
	EndGlobalSection
	GlobalSection(ProjectConfigurationPlatforms) = postSolution
		{312FA558-635C-475A-885F-63B3E9E5EEAD}.Debug|Any CPU.ActiveCfg = Debug|Any CPU
		{312FA558-635C-475A-885F-63B3E9E5EEAD}.Debug|Any CPU.Build.0 = Debug|Any CPU
		{312FA558-635C-475A-885F-63B3E9E5EEAD}.Release|Any CPU.ActiveCfg = Release|Any CPU
		{312FA558-635C-475A-885F-63B3E9E5EEAD}.Release|Any CPU.Build.0 = Release|Any CPU
		{953CEF42-D98B-43AA-ACBC-151C2EE87130}.Debug|Any CPU.ActiveCfg = Debug|Any CPU
		{953CEF42-D98B-43AA-ACBC-151C2EE87130}.Debug|Any CPU.Build.0 = Debug|Any CPU
		{953CEF42-D98B-43AA-ACBC-151C2EE87130}.Release|Any CPU.ActiveCfg = Release|Any CPU
		{953CEF42-D98B-43AA-ACBC-151C2EE87130}.Release|Any CPU.Build.0 = Release|Any CPU
		{6A4D65CF-7B5C-4056-AB8D-BF8EDE9210F6}.Debug|Any CPU.ActiveCfg = Debug|Any CPU
		{6A4D65CF-7B5C-4056-AB8D-BF8EDE9210F6}.Debug|Any CPU.Build.0 = Debug|Any CPU
		{6A4D65CF-7B5C-4056-AB8D-BF8EDE9210F6}.Release|Any CPU.ActiveCfg = Release|Any CPU
		{6A4D65CF-7B5C-4056-AB8D-BF8EDE9210F6}.Release|Any CPU.Build.0 = Release|Any CPU
		{B74F19B3-D8A5-4F66-A5F1-80503C897A4F}.Debug|Any CPU.ActiveCfg = Debug|Any CPU
		{B74F19B3-D8A5-4F66-A5F1-80503C897A4F}.Debug|Any CPU.Build.0 = Debug|Any CPU
		{B74F19B3-D8A5-4F66-A5F1-80503C897A4F}.Release|Any CPU.ActiveCfg = Release|Any CPU
		{B74F19B3-D8A5-4F66-A5F1-80503C897A4F}.Release|Any CPU.Build.0 = Release|Any CPU
		{8F565564-4CB1-439C-B4B8-6047A3DAD6CA}.Debug|Any CPU.ActiveCfg = Debug|Any CPU
		{8F565564-4CB1-439C-B4B8-6047A3DAD6CA}.Debug|Any CPU.Build.0 = Debug|Any CPU
		{8F565564-4CB1-439C-B4B8-6047A3DAD6CA}.Release|Any CPU.ActiveCfg = Release|Any CPU
		{8F565564-4CB1-439C-B4B8-6047A3DAD6CA}.Release|Any CPU.Build.0 = Release|Any CPU
		{8FB80146-7AEE-4D38-A28B-673776237865}.Debug|Any CPU.ActiveCfg = Debug|Any CPU
		{8FB80146-7AEE-4D38-A28B-673776237865}.Debug|Any CPU.Build.0 = Debug|Any CPU
		{8FB80146-7AEE-4D38-A28B-673776237865}.Release|Any CPU.ActiveCfg = Release|Any CPU
		{8FB80146-7AEE-4D38-A28B-673776237865}.Release|Any CPU.Build.0 = Release|Any CPU
		{310B26F4-48EA-4F3D-AAE4-3E00E9F52E2E}.Debug|Any CPU.ActiveCfg = Debug|Any CPU
		{310B26F4-48EA-4F3D-AAE4-3E00E9F52E2E}.Debug|Any CPU.Build.0 = Debug|Any CPU
		{310B26F4-48EA-4F3D-AAE4-3E00E9F52E2E}.Release|Any CPU.ActiveCfg = Release|Any CPU
		{310B26F4-48EA-4F3D-AAE4-3E00E9F52E2E}.Release|Any CPU.Build.0 = Release|Any CPU
		{29BB3D86-00B7-49CA-9B8E-7D06C7FD0974}.Debug|Any CPU.ActiveCfg = Debug|Any CPU
		{29BB3D86-00B7-49CA-9B8E-7D06C7FD0974}.Debug|Any CPU.Build.0 = Debug|Any CPU
		{29BB3D86-00B7-49CA-9B8E-7D06C7FD0974}.Release|Any CPU.ActiveCfg = Release|Any CPU
		{29BB3D86-00B7-49CA-9B8E-7D06C7FD0974}.Release|Any CPU.Build.0 = Release|Any CPU
		{DB50561D-9859-4C12-8B10-CC351396E51B}.Debug|Any CPU.ActiveCfg = Debug|Any CPU
		{DB50561D-9859-4C12-8B10-CC351396E51B}.Debug|Any CPU.Build.0 = Debug|Any CPU
		{DB50561D-9859-4C12-8B10-CC351396E51B}.Release|Any CPU.ActiveCfg = Release|Any CPU
		{DB50561D-9859-4C12-8B10-CC351396E51B}.Release|Any CPU.Build.0 = Release|Any CPU
		{9DA851F0-874D-4C56-A0B1-F422869B7D02}.Debug|Any CPU.ActiveCfg = Debug|Any CPU
		{9DA851F0-874D-4C56-A0B1-F422869B7D02}.Debug|Any CPU.Build.0 = Debug|Any CPU
		{9DA851F0-874D-4C56-A0B1-F422869B7D02}.Release|Any CPU.ActiveCfg = Release|Any CPU
		{9DA851F0-874D-4C56-A0B1-F422869B7D02}.Release|Any CPU.Build.0 = Release|Any CPU
		{528C7CF4-C28D-4FAA-8574-D5D7376BDF11}.Debug|Any CPU.ActiveCfg = Debug|Any CPU
		{528C7CF4-C28D-4FAA-8574-D5D7376BDF11}.Debug|Any CPU.Build.0 = Debug|Any CPU
		{528C7CF4-C28D-4FAA-8574-D5D7376BDF11}.Release|Any CPU.ActiveCfg = Release|Any CPU
		{528C7CF4-C28D-4FAA-8574-D5D7376BDF11}.Release|Any CPU.Build.0 = Release|Any CPU
		{5983025E-4515-4EDB-A9A8-B6A37B3B0F06}.Debug|Any CPU.ActiveCfg = Debug|Any CPU
		{5983025E-4515-4EDB-A9A8-B6A37B3B0F06}.Debug|Any CPU.Build.0 = Debug|Any CPU
		{5983025E-4515-4EDB-A9A8-B6A37B3B0F06}.Release|Any CPU.ActiveCfg = Release|Any CPU
		{5983025E-4515-4EDB-A9A8-B6A37B3B0F06}.Release|Any CPU.Build.0 = Release|Any CPU
		{EF9BC4EC-B74B-40B0-B6BD-6353E3174F7F}.Debug|Any CPU.ActiveCfg = Debug|Any CPU
		{EF9BC4EC-B74B-40B0-B6BD-6353E3174F7F}.Debug|Any CPU.Build.0 = Debug|Any CPU
		{EF9BC4EC-B74B-40B0-B6BD-6353E3174F7F}.Release|Any CPU.ActiveCfg = Release|Any CPU
		{EF9BC4EC-B74B-40B0-B6BD-6353E3174F7F}.Release|Any CPU.Build.0 = Release|Any CPU
		{ED95C388-1100-4204-8C6C-41EF698F7339}.Debug|Any CPU.ActiveCfg = Debug|Any CPU
		{ED95C388-1100-4204-8C6C-41EF698F7339}.Debug|Any CPU.Build.0 = Debug|Any CPU
		{ED95C388-1100-4204-8C6C-41EF698F7339}.Release|Any CPU.ActiveCfg = Release|Any CPU
		{ED95C388-1100-4204-8C6C-41EF698F7339}.Release|Any CPU.Build.0 = Release|Any CPU
		{4DB97A72-0744-436B-9BA7-F29A64B74487}.Debug|Any CPU.ActiveCfg = Debug|Any CPU
		{4DB97A72-0744-436B-9BA7-F29A64B74487}.Debug|Any CPU.Build.0 = Debug|Any CPU
		{4DB97A72-0744-436B-9BA7-F29A64B74487}.Release|Any CPU.ActiveCfg = Release|Any CPU
		{4DB97A72-0744-436B-9BA7-F29A64B74487}.Release|Any CPU.Build.0 = Release|Any CPU
		{E6D13027-2555-4BB5-8F3B-288C9CA10C2B}.Debug|Any CPU.ActiveCfg = Debug|Any CPU
		{E6D13027-2555-4BB5-8F3B-288C9CA10C2B}.Debug|Any CPU.Build.0 = Debug|Any CPU
		{E6D13027-2555-4BB5-8F3B-288C9CA10C2B}.Release|Any CPU.ActiveCfg = Release|Any CPU
		{E6D13027-2555-4BB5-8F3B-288C9CA10C2B}.Release|Any CPU.Build.0 = Release|Any CPU
		{40C48D46-F77D-4FF7-A4DE-819BC5D6207E}.Debug|Any CPU.ActiveCfg = Debug|Any CPU
		{40C48D46-F77D-4FF7-A4DE-819BC5D6207E}.Debug|Any CPU.Build.0 = Debug|Any CPU
		{40C48D46-F77D-4FF7-A4DE-819BC5D6207E}.Release|Any CPU.ActiveCfg = Release|Any CPU
		{40C48D46-F77D-4FF7-A4DE-819BC5D6207E}.Release|Any CPU.Build.0 = Release|Any CPU
		{91A62734-C1DF-4009-B545-BA316BA4AD02}.Debug|Any CPU.ActiveCfg = Debug|Any CPU
		{91A62734-C1DF-4009-B545-BA316BA4AD02}.Debug|Any CPU.Build.0 = Debug|Any CPU
		{91A62734-C1DF-4009-B545-BA316BA4AD02}.Release|Any CPU.ActiveCfg = Release|Any CPU
		{91A62734-C1DF-4009-B545-BA316BA4AD02}.Release|Any CPU.Build.0 = Release|Any CPU
		{4556EDF7-D1E1-41FE-AD49-C52E711B69F3}.Debug|Any CPU.ActiveCfg = Debug|Any CPU
		{4556EDF7-D1E1-41FE-AD49-C52E711B69F3}.Debug|Any CPU.Build.0 = Debug|Any CPU
		{4556EDF7-D1E1-41FE-AD49-C52E711B69F3}.Release|Any CPU.ActiveCfg = Release|Any CPU
		{4556EDF7-D1E1-41FE-AD49-C52E711B69F3}.Release|Any CPU.Build.0 = Release|Any CPU
		{82047637-9EB6-40C0-93AD-559FBD96A2AF}.Debug|Any CPU.ActiveCfg = Debug|Any CPU
		{82047637-9EB6-40C0-93AD-559FBD96A2AF}.Debug|Any CPU.Build.0 = Debug|Any CPU
		{82047637-9EB6-40C0-93AD-559FBD96A2AF}.Release|Any CPU.ActiveCfg = Release|Any CPU
		{82047637-9EB6-40C0-93AD-559FBD96A2AF}.Release|Any CPU.Build.0 = Release|Any CPU
		{81DDED9D-158B-E303-5F62-77A2896D2A5A}.Debug|Any CPU.ActiveCfg = Debug|Any CPU
		{81DDED9D-158B-E303-5F62-77A2896D2A5A}.Debug|Any CPU.Build.0 = Debug|Any CPU
		{81DDED9D-158B-E303-5F62-77A2896D2A5A}.Release|Any CPU.ActiveCfg = Release|Any CPU
		{81DDED9D-158B-E303-5F62-77A2896D2A5A}.Release|Any CPU.Build.0 = Release|Any CPU
		{045A5315-4F5E-4297-B939-C3CCBABDFEA7}.Debug|Any CPU.ActiveCfg = Debug|Any CPU
		{045A5315-4F5E-4297-B939-C3CCBABDFEA7}.Debug|Any CPU.Build.0 = Debug|Any CPU
		{045A5315-4F5E-4297-B939-C3CCBABDFEA7}.Release|Any CPU.ActiveCfg = Release|Any CPU
		{045A5315-4F5E-4297-B939-C3CCBABDFEA7}.Release|Any CPU.Build.0 = Release|Any CPU
		{08857F20-EF86-4FDC-9BD9-BAB0B9041CDC}.Debug|Any CPU.ActiveCfg = Debug|Any CPU
		{08857F20-EF86-4FDC-9BD9-BAB0B9041CDC}.Debug|Any CPU.Build.0 = Debug|Any CPU
		{08857F20-EF86-4FDC-9BD9-BAB0B9041CDC}.Release|Any CPU.ActiveCfg = Release|Any CPU
		{08857F20-EF86-4FDC-9BD9-BAB0B9041CDC}.Release|Any CPU.Build.0 = Release|Any CPU
		{6E6A3DEF-529C-4596-95EB-5DBAF5EBF2FB}.Debug|Any CPU.ActiveCfg = Debug|Any CPU
		{6E6A3DEF-529C-4596-95EB-5DBAF5EBF2FB}.Debug|Any CPU.Build.0 = Debug|Any CPU
		{6E6A3DEF-529C-4596-95EB-5DBAF5EBF2FB}.Release|Any CPU.ActiveCfg = Release|Any CPU
		{6E6A3DEF-529C-4596-95EB-5DBAF5EBF2FB}.Release|Any CPU.Build.0 = Release|Any CPU
		{41D8327A-6217-44D1-A3C4-2D77DF708B3B}.Debug|Any CPU.ActiveCfg = Debug|Any CPU
		{41D8327A-6217-44D1-A3C4-2D77DF708B3B}.Debug|Any CPU.Build.0 = Debug|Any CPU
		{41D8327A-6217-44D1-A3C4-2D77DF708B3B}.Release|Any CPU.ActiveCfg = Release|Any CPU
		{41D8327A-6217-44D1-A3C4-2D77DF708B3B}.Release|Any CPU.Build.0 = Release|Any CPU
		{0C234F95-6CB3-40C2-ADE9-51C91B53F7FB}.Debug|Any CPU.ActiveCfg = Debug|Any CPU
		{0C234F95-6CB3-40C2-ADE9-51C91B53F7FB}.Debug|Any CPU.Build.0 = Debug|Any CPU
		{0C234F95-6CB3-40C2-ADE9-51C91B53F7FB}.Release|Any CPU.ActiveCfg = Release|Any CPU
		{0C234F95-6CB3-40C2-ADE9-51C91B53F7FB}.Release|Any CPU.Build.0 = Release|Any CPU
		{3FAA8ED4-4171-44EE-8DB9-2B4EACC16344}.Debug|Any CPU.ActiveCfg = Debug|Any CPU
		{3FAA8ED4-4171-44EE-8DB9-2B4EACC16344}.Debug|Any CPU.Build.0 = Debug|Any CPU
		{3FAA8ED4-4171-44EE-8DB9-2B4EACC16344}.Release|Any CPU.ActiveCfg = Release|Any CPU
		{3FAA8ED4-4171-44EE-8DB9-2B4EACC16344}.Release|Any CPU.Build.0 = Release|Any CPU
		{FF2D4A69-51DD-403B-805E-DBFFF53678DF}.Debug|Any CPU.ActiveCfg = Debug|Any CPU
		{FF2D4A69-51DD-403B-805E-DBFFF53678DF}.Debug|Any CPU.Build.0 = Debug|Any CPU
		{FF2D4A69-51DD-403B-805E-DBFFF53678DF}.Release|Any CPU.ActiveCfg = Release|Any CPU
		{FF2D4A69-51DD-403B-805E-DBFFF53678DF}.Release|Any CPU.Build.0 = Release|Any CPU
		{FAC9DB9F-95C8-47EE-B3A6-BB06FC5298E3}.Debug|Any CPU.ActiveCfg = Debug|Any CPU
		{FAC9DB9F-95C8-47EE-B3A6-BB06FC5298E3}.Debug|Any CPU.Build.0 = Debug|Any CPU
		{FAC9DB9F-95C8-47EE-B3A6-BB06FC5298E3}.Release|Any CPU.ActiveCfg = Release|Any CPU
		{FAC9DB9F-95C8-47EE-B3A6-BB06FC5298E3}.Release|Any CPU.Build.0 = Release|Any CPU
		{2CCB83BC-0566-45D5-82EB-A4FD3712646A}.Debug|Any CPU.ActiveCfg = Debug|Any CPU
		{2CCB83BC-0566-45D5-82EB-A4FD3712646A}.Debug|Any CPU.Build.0 = Debug|Any CPU
		{2CCB83BC-0566-45D5-82EB-A4FD3712646A}.Release|Any CPU.ActiveCfg = Release|Any CPU
		{2CCB83BC-0566-45D5-82EB-A4FD3712646A}.Release|Any CPU.Build.0 = Release|Any CPU
		{AA442971-F25D-13E8-1BE5-ECE12D75D6DB}.Debug|Any CPU.ActiveCfg = Debug|Any CPU
		{AA442971-F25D-13E8-1BE5-ECE12D75D6DB}.Debug|Any CPU.Build.0 = Debug|Any CPU
		{AA442971-F25D-13E8-1BE5-ECE12D75D6DB}.Release|Any CPU.ActiveCfg = Release|Any CPU
		{AA442971-F25D-13E8-1BE5-ECE12D75D6DB}.Release|Any CPU.Build.0 = Release|Any CPU
		{0B8C3D30-866D-42C6-8B8E-AF00C4F75A2D}.Debug|Any CPU.ActiveCfg = Debug|Any CPU
		{0B8C3D30-866D-42C6-8B8E-AF00C4F75A2D}.Debug|Any CPU.Build.0 = Debug|Any CPU
		{0B8C3D30-866D-42C6-8B8E-AF00C4F75A2D}.Release|Any CPU.ActiveCfg = Release|Any CPU
		{0B8C3D30-866D-42C6-8B8E-AF00C4F75A2D}.Release|Any CPU.Build.0 = Release|Any CPU
		{092F51B2-3863-4101-BC16-88C38310F585}.Debug|Any CPU.ActiveCfg = Debug|Any CPU
		{092F51B2-3863-4101-BC16-88C38310F585}.Debug|Any CPU.Build.0 = Debug|Any CPU
		{092F51B2-3863-4101-BC16-88C38310F585}.Release|Any CPU.ActiveCfg = Release|Any CPU
		{092F51B2-3863-4101-BC16-88C38310F585}.Release|Any CPU.Build.0 = Release|Any CPU
		{6BB3BBB4-F48B-4B5E-B005-18013A0FE182}.Debug|Any CPU.ActiveCfg = Debug|Any CPU
		{6BB3BBB4-F48B-4B5E-B005-18013A0FE182}.Debug|Any CPU.Build.0 = Debug|Any CPU
		{6BB3BBB4-F48B-4B5E-B005-18013A0FE182}.Release|Any CPU.ActiveCfg = Release|Any CPU
		{6BB3BBB4-F48B-4B5E-B005-18013A0FE182}.Release|Any CPU.Build.0 = Release|Any CPU
		{0D6674DC-7BFA-49F2-826A-31F1DDD8D36A}.Debug|Any CPU.ActiveCfg = Debug|Any CPU
		{0D6674DC-7BFA-49F2-826A-31F1DDD8D36A}.Debug|Any CPU.Build.0 = Debug|Any CPU
		{0D6674DC-7BFA-49F2-826A-31F1DDD8D36A}.Release|Any CPU.ActiveCfg = Release|Any CPU
		{0D6674DC-7BFA-49F2-826A-31F1DDD8D36A}.Release|Any CPU.Build.0 = Release|Any CPU
		{EBB92B75-6932-49DF-8FF2-C627FE15FB52}.Debug|Any CPU.ActiveCfg = Debug|Any CPU
		{EBB92B75-6932-49DF-8FF2-C627FE15FB52}.Debug|Any CPU.Build.0 = Debug|Any CPU
		{EBB92B75-6932-49DF-8FF2-C627FE15FB52}.Release|Any CPU.ActiveCfg = Release|Any CPU
		{EBB92B75-6932-49DF-8FF2-C627FE15FB52}.Release|Any CPU.Build.0 = Release|Any CPU
		{D5433666-3466-429B-820C-CCC01DF10C04}.Debug|Any CPU.ActiveCfg = Debug|Any CPU
		{D5433666-3466-429B-820C-CCC01DF10C04}.Debug|Any CPU.Build.0 = Debug|Any CPU
		{D5433666-3466-429B-820C-CCC01DF10C04}.Release|Any CPU.ActiveCfg = Release|Any CPU
		{D5433666-3466-429B-820C-CCC01DF10C04}.Release|Any CPU.Build.0 = Release|Any CPU
		{4DBFA097-51FF-4776-A221-D9C714B36636}.Debug|Any CPU.ActiveCfg = Debug|Any CPU
		{4DBFA097-51FF-4776-A221-D9C714B36636}.Debug|Any CPU.Build.0 = Debug|Any CPU
		{4DBFA097-51FF-4776-A221-D9C714B36636}.Release|Any CPU.ActiveCfg = Release|Any CPU
		{4DBFA097-51FF-4776-A221-D9C714B36636}.Release|Any CPU.Build.0 = Release|Any CPU
		{432C4A00-E2C1-46AA-9889-4ABF740EC1D0}.Debug|Any CPU.ActiveCfg = Debug|Any CPU
		{432C4A00-E2C1-46AA-9889-4ABF740EC1D0}.Debug|Any CPU.Build.0 = Debug|Any CPU
		{432C4A00-E2C1-46AA-9889-4ABF740EC1D0}.Release|Any CPU.ActiveCfg = Release|Any CPU
		{432C4A00-E2C1-46AA-9889-4ABF740EC1D0}.Release|Any CPU.Build.0 = Release|Any CPU
		{2DDD3D3F-8842-4763-A702-675C7D5C2F19}.Debug|Any CPU.ActiveCfg = Debug|Any CPU
		{2DDD3D3F-8842-4763-A702-675C7D5C2F19}.Debug|Any CPU.Build.0 = Debug|Any CPU
		{2DDD3D3F-8842-4763-A702-675C7D5C2F19}.Release|Any CPU.ActiveCfg = Release|Any CPU
		{2DDD3D3F-8842-4763-A702-675C7D5C2F19}.Release|Any CPU.Build.0 = Release|Any CPU
		{CCA8AA34-562E-A8CB-0FBC-458123D08D14}.Debug|Any CPU.ActiveCfg = Debug|Any CPU
		{CCA8AA34-562E-A8CB-0FBC-458123D08D14}.Debug|Any CPU.Build.0 = Debug|Any CPU
		{CCA8AA34-562E-A8CB-0FBC-458123D08D14}.Debug|Any CPU.Deploy.0 = Debug|Any CPU
		{CCA8AA34-562E-A8CB-0FBC-458123D08D14}.Release|Any CPU.ActiveCfg = Release|Any CPU
		{CCA8AA34-562E-A8CB-0FBC-458123D08D14}.Release|Any CPU.Build.0 = Release|Any CPU
		{CCA8AA34-562E-A8CB-0FBC-458123D08D14}.Release|Any CPU.Deploy.0 = Release|Any CPU
		{66FC8FE5-F9C8-4A98-B89F-1811DE5D8CD0}.Debug|Any CPU.ActiveCfg = Debug|Any CPU
		{66FC8FE5-F9C8-4A98-B89F-1811DE5D8CD0}.Debug|Any CPU.Build.0 = Debug|Any CPU
		{66FC8FE5-F9C8-4A98-B89F-1811DE5D8CD0}.Release|Any CPU.ActiveCfg = Release|Any CPU
		{66FC8FE5-F9C8-4A98-B89F-1811DE5D8CD0}.Release|Any CPU.Build.0 = Release|Any CPU
	EndGlobalSection
	GlobalSection(SolutionProperties) = preSolution
		HideSolutionNode = FALSE
	EndGlobalSection
	GlobalSection(NestedProjects) = preSolution
		{312FA558-635C-475A-885F-63B3E9E5EEAD} = {02EA681E-C7D8-13C7-8484-4AC65E1B71E8}
		{953CEF42-D98B-43AA-ACBC-151C2EE87130} = {516839E5-7489-4C14-BC8B-DDAB6E38CA0F}
		{6A4D65CF-7B5C-4056-AB8D-BF8EDE9210F6} = {02EA681E-C7D8-13C7-8484-4AC65E1B71E8}
		{B74F19B3-D8A5-4F66-A5F1-80503C897A4F} = {02EA681E-C7D8-13C7-8484-4AC65E1B71E8}
		{8F565564-4CB1-439C-B4B8-6047A3DAD6CA} = {02EA681E-C7D8-13C7-8484-4AC65E1B71E8}
		{8FB80146-7AEE-4D38-A28B-673776237865} = {02EA681E-C7D8-13C7-8484-4AC65E1B71E8}
		{310B26F4-48EA-4F3D-AAE4-3E00E9F52E2E} = {02EA681E-C7D8-13C7-8484-4AC65E1B71E8}
		{29BB3D86-00B7-49CA-9B8E-7D06C7FD0974} = {02EA681E-C7D8-13C7-8484-4AC65E1B71E8}
		{DB50561D-9859-4C12-8B10-CC351396E51B} = {02EA681E-C7D8-13C7-8484-4AC65E1B71E8}
		{9DA851F0-874D-4C56-A0B1-F422869B7D02} = {02EA681E-C7D8-13C7-8484-4AC65E1B71E8}
		{528C7CF4-C28D-4FAA-8574-D5D7376BDF11} = {02EA681E-C7D8-13C7-8484-4AC65E1B71E8}
		{5983025E-4515-4EDB-A9A8-B6A37B3B0F06} = {02EA681E-C7D8-13C7-8484-4AC65E1B71E8}
		{EF9BC4EC-B74B-40B0-B6BD-6353E3174F7F} = {02EA681E-C7D8-13C7-8484-4AC65E1B71E8}
		{ED95C388-1100-4204-8C6C-41EF698F7339} = {516839E5-7489-4C14-BC8B-DDAB6E38CA0F}
		{4DB97A72-0744-436B-9BA7-F29A64B74487} = {516839E5-7489-4C14-BC8B-DDAB6E38CA0F}
		{E6D13027-2555-4BB5-8F3B-288C9CA10C2B} = {516839E5-7489-4C14-BC8B-DDAB6E38CA0F}
		{40C48D46-F77D-4FF7-A4DE-819BC5D6207E} = {516839E5-7489-4C14-BC8B-DDAB6E38CA0F}
		{91A62734-C1DF-4009-B545-BA316BA4AD02} = {516839E5-7489-4C14-BC8B-DDAB6E38CA0F}
		{4556EDF7-D1E1-41FE-AD49-C52E711B69F3} = {516839E5-7489-4C14-BC8B-DDAB6E38CA0F}
		{82047637-9EB6-40C0-93AD-559FBD96A2AF} = {516839E5-7489-4C14-BC8B-DDAB6E38CA0F}
		{045A5315-4F5E-4297-B939-C3CCBABDFEA7} = {516839E5-7489-4C14-BC8B-DDAB6E38CA0F}
		{08857F20-EF86-4FDC-9BD9-BAB0B9041CDC} = {516839E5-7489-4C14-BC8B-DDAB6E38CA0F}
		{6E6A3DEF-529C-4596-95EB-5DBAF5EBF2FB} = {516839E5-7489-4C14-BC8B-DDAB6E38CA0F}
		{41D8327A-6217-44D1-A3C4-2D77DF708B3B} = {02EA681E-C7D8-13C7-8484-4AC65E1B71E8}
		{0C234F95-6CB3-40C2-ADE9-51C91B53F7FB} = {02EA681E-C7D8-13C7-8484-4AC65E1B71E8}
		{3FAA8ED4-4171-44EE-8DB9-2B4EACC16344} = {02EA681E-C7D8-13C7-8484-4AC65E1B71E8}
		{FF2D4A69-51DD-403B-805E-DBFFF53678DF} = {02EA681E-C7D8-13C7-8484-4AC65E1B71E8}
		{FAC9DB9F-95C8-47EE-B3A6-BB06FC5298E3} = {516839E5-7489-4C14-BC8B-DDAB6E38CA0F}
		{2CCB83BC-0566-45D5-82EB-A4FD3712646A} = {02EA681E-C7D8-13C7-8484-4AC65E1B71E8}
		{AA442971-F25D-13E8-1BE5-ECE12D75D6DB} = {02EA681E-C7D8-13C7-8484-4AC65E1B71E8}
		{0B8C3D30-866D-42C6-8B8E-AF00C4F75A2D} = {02EA681E-C7D8-13C7-8484-4AC65E1B71E8}
		{092F51B2-3863-4101-BC16-88C38310F585} = {02EA681E-C7D8-13C7-8484-4AC65E1B71E8}
		{6BB3BBB4-F48B-4B5E-B005-18013A0FE182} = {02EA681E-C7D8-13C7-8484-4AC65E1B71E8}
		{0D6674DC-7BFA-49F2-826A-31F1DDD8D36A} = {02EA681E-C7D8-13C7-8484-4AC65E1B71E8}
		{EBB92B75-6932-49DF-8FF2-C627FE15FB52} = {02EA681E-C7D8-13C7-8484-4AC65E1B71E8}
		{D5433666-3466-429B-820C-CCC01DF10C04} = {516839E5-7489-4C14-BC8B-DDAB6E38CA0F}
		{4DBFA097-51FF-4776-A221-D9C714B36636} = {516839E5-7489-4C14-BC8B-DDAB6E38CA0F}
		{432C4A00-E2C1-46AA-9889-4ABF740EC1D0} = {516839E5-7489-4C14-BC8B-DDAB6E38CA0F}
		{2DDD3D3F-8842-4763-A702-675C7D5C2F19} = {516839E5-7489-4C14-BC8B-DDAB6E38CA0F}
		{CCA8AA34-562E-A8CB-0FBC-458123D08D14} = {02EA681E-C7D8-13C7-8484-4AC65E1B71E8}
		{66FC8FE5-F9C8-4A98-B89F-1811DE5D8CD0} = {02EA681E-C7D8-13C7-8484-4AC65E1B71E8}
	EndGlobalSection
	GlobalSection(ExtensibilityGlobals) = postSolution
		SolutionGuid = {BBBAF4C0-A40F-4954-A1FE-27E274F76118}
	EndGlobalSection
EndGlobal
