Microsoft Visual Studio Solution File, Format Version 12.00
# Visual Studio Version 17
VisualStudioVersion = 17.5.2.0
MinimumVisualStudioVersion = 10.0.40219.1
Project("{FAE04EC0-301F-11D3-BF4B-00C04F79EFBC}") = "Audit", "Audit\Audit.csproj", "{F8FDA04F-29CB-9330-30B7-3C835080D5EE}"
EndProject
Project("{FAE04EC0-301F-11D3-BF4B-00C04F79EFBC}") = "Basket.Api", "Basket.Api\Basket.Api.csproj", "{9426581A-D107-3461-8780-7999A1E395E0}"
EndProject
Project("{FAE04EC0-301F-11D3-BF4B-00C04F79EFBC}") = "Basket.Core", "Basket.Core\Basket.Core.csproj", "{556A8A9A-9C62-4F39-B582-994C7AB6C7EE}"
EndProject
Project("{FAE04EC0-301F-11D3-BF4B-00C04F79EFBC}") = "Basket.Infrastructure", "Basket.Infrastructure\Basket.Infrastructure.csproj", "{08B08ADE-DE95-D9B3-9954-4B52E69E53F7}"
EndProject
Project("{FAE04EC0-301F-11D3-BF4B-00C04F79EFBC}") = "Basket.UseCases", "Basket.UseCases\Basket.UseCases.csproj", "{13A90C9F-1E18-4FDA-47BE-D442F4FFB2ED}"
EndProject
Project("{FAE04EC0-301F-11D3-BF4B-00C04F79EFBC}") = "Catalog.Api", "Catalog.Api\Catalog.Api.csproj", "{B6E99B50-0C70-B7A5-F688-5A07EA01B092}"
EndProject
Project("{FAE04EC0-301F-11D3-BF4B-00C04F79EFBC}") = "Catalog.Contracts", "Catalog.Contracts\Catalog.Contracts.csproj", "{A461DEBF-E0CC-3016-7B62-A95D7D2CAE88}"
EndProject
Project("{FAE04EC0-301F-11D3-BF4B-00C04F79EFBC}") = "Catalog.Core", "Catalog.Core\Catalog.Core.csproj", "{FC58EA57-6830-630D-DE5A-DBD8A3D7560E}"
EndProject
Project("{FAE04EC0-301F-11D3-BF4B-00C04F79EFBC}") = "Catalog.Infrastructure", "Catalog.Infrastructure\Catalog.Infrastructure.csproj", "{729F9899-D445-101B-3935-4218FF5218A6}"
EndProject
Project("{FAE04EC0-301F-11D3-BF4B-00C04F79EFBC}") = "Catalog.UseCases", "Catalog.UseCases\Catalog.UseCases.csproj", "{C58E30CB-CCA2-B722-9CF9-71EF79FCC9DC}"
EndProject
Project("{FAE04EC0-301F-11D3-BF4B-00C04F79EFBC}") = "EventBus", "EventBus\EventBus.csproj", "{7609555C-E9B6-5978-E2CB-38FB0043257A}"
EndProject
Project("{FAE04EC0-301F-11D3-BF4B-00C04F79EFBC}") = "Ordering.Api", "Ordering.Api\Ordering.Api.csproj", "{3C2D3DE0-268C-96C6-DB2F-B866BB40F0FA}"
EndProject
Project("{FAE04EC0-301F-11D3-BF4B-00C04F79EFBC}") = "Ordering.Contracts", "Ordering.Contracts\Ordering.Contracts.csproj", "{1EAB1106-2667-D1E0-387A-1C914381862E}"
EndProject
Project("{FAE04EC0-301F-11D3-BF4B-00C04F79EFBC}") = "Ordering.Core", "Ordering.Core\Ordering.Core.csproj", "{A5838688-2644-DF7C-CEC8-552534B1E55D}"
EndProject
Project("{FAE04EC0-301F-11D3-BF4B-00C04F79EFBC}") = "Ordering.Infrastructure", "Ordering.Infrastructure\Ordering.Infrastructure.csproj", "{9A1DE58E-24F2-D31E-1D6E-E09917BA10A3}"
EndProject
Project("{FAE04EC0-301F-11D3-BF4B-00C04F79EFBC}") = "Ordering.UseCases", "Ordering.UseCases\Ordering.UseCases.csproj", "{AF52BF26-1B14-36DE-A8D9-3A5D4876205D}"
EndProject
Project("{FAE04EC0-301F-11D3-BF4B-00C04F79EFBC}") = "OrderProcessor", "OrderProcessor\OrderProcessor.csproj", "{0288CA01-7BAB-2761-1E65-8139AFEA16AA}"
EndProject
Project("{FAE04EC0-301F-11D3-BF4B-00C04F79EFBC}") = "Outbox", "Outbox\Outbox.csproj", "{4A469DE3-770E-4DFB-0855-4668AC316A90}"
EndProject
Project("{FAE04EC0-301F-11D3-BF4B-00C04F79EFBC}") = "PaymentProcessor", "PaymentProcessor\PaymentProcessor.csproj", "{E3FFA751-8C32-FE67-8901-313FC9B618A3}"
EndProject
Project("{FAE04EC0-301F-11D3-BF4B-00C04F79EFBC}") = "ServiceDefaults", "ServiceDefaults\ServiceDefaults.csproj", "{DF6E482A-0DB8-5DE4-EF1E-8E4FEDE79145}"
EndProject
Project("{FAE04EC0-301F-11D3-BF4B-00C04F79EFBC}") = "SharedKernel", "SharedKernel\SharedKernel.csproj", "{E68FA0BA-F0A4-F704-5156-C748B031AB9D}"
EndProject
Project("{FAE04EC0-301F-11D3-BF4B-00C04F79EFBC}") = "WebApp", "WebApp\WebApp.csproj", "{3215F6CF-A442-1C21-6AD3-94ED23F4EBA5}"
EndProject
Project("{FAE04EC0-301F-11D3-BF4B-00C04F79EFBC}") = "Webhooks.Api", "Webhooks.Api\Webhooks.Api.csproj", "{B07E186B-262A-B7BF-5586-1ABEB76284CD}"
EndProject
Project("{FAE04EC0-301F-11D3-BF4B-00C04F79EFBC}") = "Webhooks.Client", "Webhooks.Client\Webhooks.Client.csproj", "{45958932-65CE-D104-4229-E8B8C79CDF58}"
EndProject
Project("{FAE04EC0-301F-11D3-BF4B-00C04F79EFBC}") = "Webhooks.Contracts", "Webhooks.Contracts\Webhooks.Contracts.csproj", "{59BD6DEE-6229-085C-0FA7-505A1B9E2149}"
EndProject
Project("{FAE04EC0-301F-11D3-BF4B-00C04F79EFBC}") = "Webhooks.Core", "Webhooks.Core\Webhooks.Core.csproj", "{38805DCA-4CA8-5A4B-70E2-040287283E23}"
EndProject
Project("{FAE04EC0-301F-11D3-BF4B-00C04F79EFBC}") = "Webhooks.Infrastructure", "Webhooks.Infrastructure\Webhooks.Infrastructure.csproj", "{9AF0B38F-1F63-FFF0-9492-7742D1D86C2A}"
EndProject
Project("{FAE04EC0-301F-11D3-BF4B-00C04F79EFBC}") = "Webhooks.UseCases", "Webhooks.UseCases\Webhooks.UseCases.csproj", "{941A6957-531B-6F5F-C961-E640C3463C8F}"
EndProject
Global
	GlobalSection(SolutionConfigurationPlatforms) = preSolution
		Debug|Any CPU = Debug|Any CPU
		Release|Any CPU = Release|Any CPU
	EndGlobalSection
	GlobalSection(ProjectConfigurationPlatforms) = postSolution
		{F8FDA04F-29CB-9330-30B7-3C835080D5EE}.Debug|Any CPU.ActiveCfg = Debug|Any CPU
		{F8FDA04F-29CB-9330-30B7-3C835080D5EE}.Debug|Any CPU.Build.0 = Debug|Any CPU
		{F8FDA04F-29CB-9330-30B7-3C835080D5EE}.Release|Any CPU.ActiveCfg = Release|Any CPU
		{F8FDA04F-29CB-9330-30B7-3C835080D5EE}.Release|Any CPU.Build.0 = Release|Any CPU
		{9426581A-D107-3461-8780-7999A1E395E0}.Debug|Any CPU.ActiveCfg = Debug|Any CPU
		{9426581A-D107-3461-8780-7999A1E395E0}.Debug|Any CPU.Build.0 = Debug|Any CPU
		{9426581A-D107-3461-8780-7999A1E395E0}.Release|Any CPU.ActiveCfg = Release|Any CPU
		{9426581A-D107-3461-8780-7999A1E395E0}.Release|Any CPU.Build.0 = Release|Any CPU
		{556A8A9A-9C62-4F39-B582-994C7AB6C7EE}.Debug|Any CPU.ActiveCfg = Debug|Any CPU
		{556A8A9A-9C62-4F39-B582-994C7AB6C7EE}.Debug|Any CPU.Build.0 = Debug|Any CPU
		{556A8A9A-9C62-4F39-B582-994C7AB6C7EE}.Release|Any CPU.ActiveCfg = Release|Any CPU
		{556A8A9A-9C62-4F39-B582-994C7AB6C7EE}.Release|Any CPU.Build.0 = Release|Any CPU
		{08B08ADE-DE95-D9B3-9954-4B52E69E53F7}.Debug|Any CPU.ActiveCfg = Debug|Any CPU
		{08B08ADE-DE95-D9B3-9954-4B52E69E53F7}.Debug|Any CPU.Build.0 = Debug|Any CPU
		{08B08ADE-DE95-D9B3-9954-4B52E69E53F7}.Release|Any CPU.ActiveCfg = Release|Any CPU
		{08B08ADE-DE95-D9B3-9954-4B52E69E53F7}.Release|Any CPU.Build.0 = Release|Any CPU
		{13A90C9F-1E18-4FDA-47BE-D442F4FFB2ED}.Debug|Any CPU.ActiveCfg = Debug|Any CPU
		{13A90C9F-1E18-4FDA-47BE-D442F4FFB2ED}.Debug|Any CPU.Build.0 = Debug|Any CPU
		{13A90C9F-1E18-4FDA-47BE-D442F4FFB2ED}.Release|Any CPU.ActiveCfg = Release|Any CPU
		{13A90C9F-1E18-4FDA-47BE-D442F4FFB2ED}.Release|Any CPU.Build.0 = Release|Any CPU
		{B6E99B50-0C70-B7A5-F688-5A07EA01B092}.Debug|Any CPU.ActiveCfg = Debug|Any CPU
		{B6E99B50-0C70-B7A5-F688-5A07EA01B092}.Debug|Any CPU.Build.0 = Debug|Any CPU
		{B6E99B50-0C70-B7A5-F688-5A07EA01B092}.Release|Any CPU.ActiveCfg = Release|Any CPU
		{B6E99B50-0C70-B7A5-F688-5A07EA01B092}.Release|Any CPU.Build.0 = Release|Any CPU
		{A461DEBF-E0CC-3016-7B62-A95D7D2CAE88}.Debug|Any CPU.ActiveCfg = Debug|Any CPU
		{A461DEBF-E0CC-3016-7B62-A95D7D2CAE88}.Debug|Any CPU.Build.0 = Debug|Any CPU
		{A461DEBF-E0CC-3016-7B62-A95D7D2CAE88}.Release|Any CPU.ActiveCfg = Release|Any CPU
		{A461DEBF-E0CC-3016-7B62-A95D7D2CAE88}.Release|Any CPU.Build.0 = Release|Any CPU
		{FC58EA57-6830-630D-DE5A-DBD8A3D7560E}.Debug|Any CPU.ActiveCfg = Debug|Any CPU
		{FC58EA57-6830-630D-DE5A-DBD8A3D7560E}.Debug|Any CPU.Build.0 = Debug|Any CPU
		{FC58EA57-6830-630D-DE5A-DBD8A3D7560E}.Release|Any CPU.ActiveCfg = Release|Any CPU
		{FC58EA57-6830-630D-DE5A-DBD8A3D7560E}.Release|Any CPU.Build.0 = Release|Any CPU
		{729F9899-D445-101B-3935-4218FF5218A6}.Debug|Any CPU.ActiveCfg = Debug|Any CPU
		{729F9899-D445-101B-3935-4218FF5218A6}.Debug|Any CPU.Build.0 = Debug|Any CPU
		{729F9899-D445-101B-3935-4218FF5218A6}.Release|Any CPU.ActiveCfg = Release|Any CPU
		{729F9899-D445-101B-3935-4218FF5218A6}.Release|Any CPU.Build.0 = Release|Any CPU
		{C58E30CB-CCA2-B722-9CF9-71EF79FCC9DC}.Debug|Any CPU.ActiveCfg = Debug|Any CPU
		{C58E30CB-CCA2-B722-9CF9-71EF79FCC9DC}.Debug|Any CPU.Build.0 = Debug|Any CPU
		{C58E30CB-CCA2-B722-9CF9-71EF79FCC9DC}.Release|Any CPU.ActiveCfg = Release|Any CPU
		{C58E30CB-CCA2-B722-9CF9-71EF79FCC9DC}.Release|Any CPU.Build.0 = Release|Any CPU
		{7609555C-E9B6-5978-E2CB-38FB0043257A}.Debug|Any CPU.ActiveCfg = Debug|Any CPU
		{7609555C-E9B6-5978-E2CB-38FB0043257A}.Debug|Any CPU.Build.0 = Debug|Any CPU
		{7609555C-E9B6-5978-E2CB-38FB0043257A}.Release|Any CPU.ActiveCfg = Release|Any CPU
		{7609555C-E9B6-5978-E2CB-38FB0043257A}.Release|Any CPU.Build.0 = Release|Any CPU
		{3C2D3DE0-268C-96C6-DB2F-B866BB40F0FA}.Debug|Any CPU.ActiveCfg = Debug|Any CPU
		{3C2D3DE0-268C-96C6-DB2F-B866BB40F0FA}.Debug|Any CPU.Build.0 = Debug|Any CPU
		{3C2D3DE0-268C-96C6-DB2F-B866BB40F0FA}.Release|Any CPU.ActiveCfg = Release|Any CPU
		{3C2D3DE0-268C-96C6-DB2F-B866BB40F0FA}.Release|Any CPU.Build.0 = Release|Any CPU
		{1EAB1106-2667-D1E0-387A-1C914381862E}.Debug|Any CPU.ActiveCfg = Debug|Any CPU
		{1EAB1106-2667-D1E0-387A-1C914381862E}.Debug|Any CPU.Build.0 = Debug|Any CPU
		{1EAB1106-2667-D1E0-387A-1C914381862E}.Release|Any CPU.ActiveCfg = Release|Any CPU
		{1EAB1106-2667-D1E0-387A-1C914381862E}.Release|Any CPU.Build.0 = Release|Any CPU
		{A5838688-2644-DF7C-CEC8-552534B1E55D}.Debug|Any CPU.ActiveCfg = Debug|Any CPU
		{A5838688-2644-DF7C-CEC8-552534B1E55D}.Debug|Any CPU.Build.0 = Debug|Any CPU
		{A5838688-2644-DF7C-CEC8-552534B1E55D}.Release|Any CPU.ActiveCfg = Release|Any CPU
		{A5838688-2644-DF7C-CEC8-552534B1E55D}.Release|Any CPU.Build.0 = Release|Any CPU
		{9A1DE58E-24F2-D31E-1D6E-E09917BA10A3}.Debug|Any CPU.ActiveCfg = Debug|Any CPU
		{9A1DE58E-24F2-D31E-1D6E-E09917BA10A3}.Debug|Any CPU.Build.0 = Debug|Any CPU
		{9A1DE58E-24F2-D31E-1D6E-E09917BA10A3}.Release|Any CPU.ActiveCfg = Release|Any CPU
		{9A1DE58E-24F2-D31E-1D6E-E09917BA10A3}.Release|Any CPU.Build.0 = Release|Any CPU
		{AF52BF26-1B14-36DE-A8D9-3A5D4876205D}.Debug|Any CPU.ActiveCfg = Debug|Any CPU
		{AF52BF26-1B14-36DE-A8D9-3A5D4876205D}.Debug|Any CPU.Build.0 = Debug|Any CPU
		{AF52BF26-1B14-36DE-A8D9-3A5D4876205D}.Release|Any CPU.ActiveCfg = Release|Any CPU
		{AF52BF26-1B14-36DE-A8D9-3A5D4876205D}.Release|Any CPU.Build.0 = Release|Any CPU
		{0288CA01-7BAB-2761-1E65-8139AFEA16AA}.Debug|Any CPU.ActiveCfg = Debug|Any CPU
		{0288CA01-7BAB-2761-1E65-8139AFEA16AA}.Debug|Any CPU.Build.0 = Debug|Any CPU
		{0288CA01-7BAB-2761-1E65-8139AFEA16AA}.Release|Any CPU.ActiveCfg = Release|Any CPU
		{0288CA01-7BAB-2761-1E65-8139AFEA16AA}.Release|Any CPU.Build.0 = Release|Any CPU
		{4A469DE3-770E-4DFB-0855-4668AC316A90}.Debug|Any CPU.ActiveCfg = Debug|Any CPU
		{4A469DE3-770E-4DFB-0855-4668AC316A90}.Debug|Any CPU.Build.0 = Debug|Any CPU
		{4A469DE3-770E-4DFB-0855-4668AC316A90}.Release|Any CPU.ActiveCfg = Release|Any CPU
		{4A469DE3-770E-4DFB-0855-4668AC316A90}.Release|Any CPU.Build.0 = Release|Any CPU
		{E3FFA751-8C32-FE67-8901-313FC9B618A3}.Debug|Any CPU.ActiveCfg = Debug|Any CPU
		{E3FFA751-8C32-FE67-8901-313FC9B618A3}.Debug|Any CPU.Build.0 = Debug|Any CPU
		{E3FFA751-8C32-FE67-8901-313FC9B618A3}.Release|Any CPU.ActiveCfg = Release|Any CPU
		{E3FFA751-8C32-FE67-8901-313FC9B618A3}.Release|Any CPU.Build.0 = Release|Any CPU
		{DF6E482A-0DB8-5DE4-EF1E-8E4FEDE79145}.Debug|Any CPU.ActiveCfg = Debug|Any CPU
		{DF6E482A-0DB8-5DE4-EF1E-8E4FEDE79145}.Debug|Any CPU.Build.0 = Debug|Any CPU
		{DF6E482A-0DB8-5DE4-EF1E-8E4FEDE79145}.Release|Any CPU.ActiveCfg = Release|Any CPU
		{DF6E482A-0DB8-5DE4-EF1E-8E4FEDE79145}.Release|Any CPU.Build.0 = Release|Any CPU
		{E68FA0BA-F0A4-F704-5156-C748B031AB9D}.Debug|Any CPU.ActiveCfg = Debug|Any CPU
		{E68FA0BA-F0A4-F704-5156-C748B031AB9D}.Debug|Any CPU.Build.0 = Debug|Any CPU
		{E68FA0BA-F0A4-F704-5156-C748B031AB9D}.Release|Any CPU.ActiveCfg = Release|Any CPU
		{E68FA0BA-F0A4-F704-5156-C748B031AB9D}.Release|Any CPU.Build.0 = Release|Any CPU
		{3215F6CF-A442-1C21-6AD3-94ED23F4EBA5}.Debug|Any CPU.ActiveCfg = Debug|Any CPU
		{3215F6CF-A442-1C21-6AD3-94ED23F4EBA5}.Debug|Any CPU.Build.0 = Debug|Any CPU
		{3215F6CF-A442-1C21-6AD3-94ED23F4EBA5}.Release|Any CPU.ActiveCfg = Release|Any CPU
		{3215F6CF-A442-1C21-6AD3-94ED23F4EBA5}.Release|Any CPU.Build.0 = Release|Any CPU
		{B07E186B-262A-B7BF-5586-1ABEB76284CD}.Debug|Any CPU.ActiveCfg = Debug|Any CPU
		{B07E186B-262A-B7BF-5586-1ABEB76284CD}.Debug|Any CPU.Build.0 = Debug|Any CPU
		{B07E186B-262A-B7BF-5586-1ABEB76284CD}.Release|Any CPU.ActiveCfg = Release|Any CPU
		{B07E186B-262A-B7BF-5586-1ABEB76284CD}.Release|Any CPU.Build.0 = Release|Any CPU
		{45958932-65CE-D104-4229-E8B8C79CDF58}.Debug|Any CPU.ActiveCfg = Debug|Any CPU
		{45958932-65CE-D104-4229-E8B8C79CDF58}.Debug|Any CPU.Build.0 = Debug|Any CPU
		{45958932-65CE-D104-4229-E8B8C79CDF58}.Release|Any CPU.ActiveCfg = Release|Any CPU
		{45958932-65CE-D104-4229-E8B8C79CDF58}.Release|Any CPU.Build.0 = Release|Any CPU
		{59BD6DEE-6229-085C-0FA7-505A1B9E2149}.Debug|Any CPU.ActiveCfg = Debug|Any CPU
		{59BD6DEE-6229-085C-0FA7-505A1B9E2149}.Debug|Any CPU.Build.0 = Debug|Any CPU
		{59BD6DEE-6229-085C-0FA7-505A1B9E2149}.Release|Any CPU.ActiveCfg = Release|Any CPU
		{59BD6DEE-6229-085C-0FA7-505A1B9E2149}.Release|Any CPU.Build.0 = Release|Any CPU
		{38805DCA-4CA8-5A4B-70E2-040287283E23}.Debug|Any CPU.ActiveCfg = Debug|Any CPU
		{38805DCA-4CA8-5A4B-70E2-040287283E23}.Debug|Any CPU.Build.0 = Debug|Any CPU
		{38805DCA-4CA8-5A4B-70E2-040287283E23}.Release|Any CPU.ActiveCfg = Release|Any CPU
		{38805DCA-4CA8-5A4B-70E2-040287283E23}.Release|Any CPU.Build.0 = Release|Any CPU
		{9AF0B38F-1F63-FFF0-9492-7742D1D86C2A}.Debug|Any CPU.ActiveCfg = Debug|Any CPU
		{9AF0B38F-1F63-FFF0-9492-7742D1D86C2A}.Debug|Any CPU.Build.0 = Debug|Any CPU
		{9AF0B38F-1F63-FFF0-9492-7742D1D86C2A}.Release|Any CPU.ActiveCfg = Release|Any CPU
		{9AF0B38F-1F63-FFF0-9492-7742D1D86C2A}.Release|Any CPU.Build.0 = Release|Any CPU
		{941A6957-531B-6F5F-C961-E640C3463C8F}.Debug|Any CPU.ActiveCfg = Debug|Any CPU
		{941A6957-531B-6F5F-C961-E640C3463C8F}.Debug|Any CPU.Build.0 = Debug|Any CPU
		{941A6957-531B-6F5F-C961-E640C3463C8F}.Release|Any CPU.ActiveCfg = Release|Any CPU
		{941A6957-531B-6F5F-C961-E640C3463C8F}.Release|Any CPU.Build.0 = Release|Any CPU
	EndGlobalSection
	GlobalSection(SolutionProperties) = preSolution
		HideSolutionNode = FALSE
	EndGlobalSection
	GlobalSection(ExtensibilityGlobals) = postSolution
		SolutionGuid = {14FC6949-BC7F-4EE1-A352-76552654D7EC}
	EndGlobalSection
EndGlobal
